
Microsoft Visual Studio Solution File, Format Version 12.00
# Visual Studio Version 17
VisualStudioVersion = 17.3.32929.385
MinimumVisualStudioVersion = 10.0.40219.1
Project("{FAE04EC0-301F-11D3-BF4B-00C04F79EFBC}") = "Q1", "ConsoleApp1\Q1.csproj", "{63974A68-374B-45A4-8541-A96C93F47DD1}"
EndProject
Project("{FAE04EC0-301F-11D3-BF4B-00C04F79EFBC}") = "Q2", "Q2\Q2.csproj", "{C88E9C9B-9A9A-4D3F-AA30-25BCDEA88975}"
EndProject
Project("{FAE04EC0-301F-11D3-BF4B-00C04F79EFBC}") = "Q3", "Q3\Q3.csproj", "{6D57B148-E69B-46CD-A348-30D51939A0A9}"
EndProject
Project("{FAE04EC0-301F-11D3-BF4B-00C04F79EFBC}") = "Q4", "Q4\Q4.csproj", "{871F2717-E484-4D6A-A7F6-F9C0B927F3B8}"
EndProject
Global
	GlobalSection(SolutionConfigurationPlatforms) = preSolution
		Debug|Any CPU = Debug|Any CPU
		Release|Any CPU = Release|Any CPU
	EndGlobalSection
	GlobalSection(ProjectConfigurationPlatforms) = postSolution
		{63974A68-374B-45A4-8541-A96C93F47DD1}.Debug|Any CPU.ActiveCfg = Debug|Any CPU
		{63974A68-374B-45A4-8541-A96C93F47DD1}.Debug|Any CPU.Build.0 = Debug|Any CPU
		{63974A68-374B-45A4-8541-A96C93F47DD1}.Release|Any CPU.ActiveCfg = Release|Any CPU
		{63974A68-374B-45A4-8541-A96C93F47DD1}.Release|Any CPU.Build.0 = Release|Any CPU
		{C88E9C9B-9A9A-4D3F-AA30-25BCDEA88975}.Debug|Any CPU.ActiveCfg = Debug|Any CPU
		{C88E9C9B-9A9A-4D3F-AA30-25BCDEA88975}.Debug|Any CPU.Build.0 = Debug|Any CPU
		{C88E9C9B-9A9A-4D3F-AA30-25BCDEA88975}.Release|Any CPU.ActiveCfg = Release|Any CPU
		{C88E9C9B-9A9A-4D3F-AA30-25BCDEA88975}.Release|Any CPU.Build.0 = Release|Any CPU
		{6D57B148-E69B-46CD-A348-30D51939A0A9}.Debug|Any CPU.ActiveCfg = Debug|Any CPU
		{6D57B148-E69B-46CD-A348-30D51939A0A9}.Debug|Any CPU.Build.0 = Debug|Any CPU
		{6D57B148-E69B-46CD-A348-30D51939A0A9}.Release|Any CPU.ActiveCfg = Release|Any CPU
		{6D57B148-E69B-46CD-A348-30D51939A0A9}.Release|Any CPU.Build.0 = Release|Any CPU
		{871F2717-E484-4D6A-A7F6-F9C0B927F3B8}.Debug|Any CPU.ActiveCfg = Debug|Any CPU
		{871F2717-E484-4D6A-A7F6-F9C0B927F3B8}.Debug|Any CPU.Build.0 = Debug|Any CPU
		{871F2717-E484-4D6A-A7F6-F9C0B927F3B8}.Release|Any CPU.ActiveCfg = Release|Any CPU
		{871F2717-E484-4D6A-A7F6-F9C0B927F3B8}.Release|Any CPU.Build.0 = Release|Any CPU
	EndGlobalSection
	GlobalSection(SolutionProperties) = preSolution
		HideSolutionNode = FALSE
	EndGlobalSection
	GlobalSection(ExtensibilityGlobals) = postSolution
		SolutionGuid = {E160E2D7-3267-4229-AFF9-B12F65EEEF59}
	EndGlobalSection
EndGlobal
